
Microsoft Visual Studio Solution File, Format Version 12.00
# Visual Studio 15
VisualStudioVersion = 15.0.27703.2000
MinimumVisualStudioVersion = 10.0.40219.1
Project("{FAE04EC0-301F-11D3-BF4B-00C04F79EFBC}") = "FindColumnsIO", "revit\FindColumnsIO.csproj", "{7B818015-E759-45F2-A3F4-6823D230EA41}"
EndProject
Project("{9A19103F-16F7-4668-BE54-9A1E7A4F7556}") = "designCheck", "web\designCheck.csproj", "{D649BBB5-5C78-4521-A19B-5FB8C2C55DAD}"
EndProject
Global
	GlobalSection(SolutionConfigurationPlatforms) = preSolution
		Debug|Any CPU = Debug|Any CPU
		Release|Any CPU = Release|Any CPU
	EndGlobalSection
	GlobalSection(ProjectConfigurationPlatforms) = postSolution
		{7B818015-E759-45F2-A3F4-6823D230EA41}.Debug|Any CPU.ActiveCfg = Debug|Any CPU
		{7B818015-E759-45F2-A3F4-6823D230EA41}.Debug|Any CPU.Build.0 = Debug|Any CPU
		{7B818015-E759-45F2-A3F4-6823D230EA41}.Release|Any CPU.ActiveCfg = Release|Any CPU
		{7B818015-E759-45F2-A3F4-6823D230EA41}.Release|Any CPU.Build.0 = Release|Any CPU
		{D649BBB5-5C78-4521-A19B-5FB8C2C55DAD}.Debug|Any CPU.ActiveCfg = Debug|Any CPU
		{D649BBB5-5C78-4521-A19B-5FB8C2C55DAD}.Debug|Any CPU.Build.0 = Debug|Any CPU
		{D649BBB5-5C78-4521-A19B-5FB8C2C55DAD}.Release|Any CPU.ActiveCfg = Release|Any CPU
		{D649BBB5-5C78-4521-A19B-5FB8C2C55DAD}.Release|Any CPU.Build.0 = Release|Any CPU
	EndGlobalSection
	GlobalSection(SolutionProperties) = preSolution
		HideSolutionNode = FALSE
	EndGlobalSection
	GlobalSection(ExtensibilityGlobals) = postSolution
		SolutionGuid = {BF9B1644-62DA-4AA3-B366-5FAD50CFC053}
	EndGlobalSection
EndGlobal
